
Microsoft Visual Studio Solution File, Format Version 12.00
# Visual Studio 2013
VisualStudioVersion = 12.0.30723.0
MinimumVisualStudioVersion = 10.0.40219.1
Project("{8BC9CEB8-8B4A-11D0-8D11-00A0C91BC942}") = "OOP", "OOP\OOP.vcxproj", "{4928DBA7-1BD3-4A40-A623-B03C12C33651}"
EndProject
Project("{8BC9CEB8-8B4A-11D0-8D11-00A0C91BC942}") = "lab3", "lab3\lab3.vcxproj", "{7D4D52E6-EF54-431D-8930-0A53E0514FF8}"
EndProject
Project("{8BC9CEB8-8B4A-11D0-8D11-00A0C91BC942}") = "lab4", "lab4\lab4.vcxproj", "{746AAC4A-87CC-4EC1-BCBD-1B39EBF6B560}"
EndProject
Global
	GlobalSection(SolutionConfigurationPlatforms) = preSolution
		Debug|Win32 = Debug|Win32
		Release|Win32 = Release|Win32
	EndGlobalSection
	GlobalSection(ProjectConfigurationPlatforms) = postSolution
		{4928DBA7-1BD3-4A40-A623-B03C12C33651}.Debug|Win32.ActiveCfg = Debug|Win32
		{4928DBA7-1BD3-4A40-A623-B03C12C33651}.Debug|Win32.Build.0 = Debug|Win32
		{4928DBA7-1BD3-4A40-A623-B03C12C33651}.Release|Win32.ActiveCfg = Release|Win32
		{4928DBA7-1BD3-4A40-A623-B03C12C33651}.Release|Win32.Build.0 = Release|Win32
		{7D4D52E6-EF54-431D-8930-0A53E0514FF8}.Debug|Win32.ActiveCfg = Debug|Win32
		{7D4D52E6-EF54-431D-8930-0A53E0514FF8}.Debug|Win32.Build.0 = Debug|Win32
		{7D4D52E6-EF54-431D-8930-0A53E0514FF8}.Release|Win32.ActiveCfg = Release|Win32
		{7D4D52E6-EF54-431D-8930-0A53E0514FF8}.Release|Win32.Build.0 = Release|Win32
		{746AAC4A-87CC-4EC1-BCBD-1B39EBF6B560}.Debug|Win32.ActiveCfg = Debug|Win32
		{746AAC4A-87CC-4EC1-BCBD-1B39EBF6B560}.Debug|Win32.Build.0 = Debug|Win32
		{746AAC4A-87CC-4EC1-BCBD-1B39EBF6B560}.Release|Win32.ActiveCfg = Release|Win32
		{746AAC4A-87CC-4EC1-BCBD-1B39EBF6B560}.Release|Win32.Build.0 = Release|Win32
	EndGlobalSection
	GlobalSection(SolutionProperties) = preSolution
		HideSolutionNode = FALSE
	EndGlobalSection
EndGlobal
