
Microsoft Visual Studio Solution File, Format Version 12.00
# Visual Studio 2013
VisualStudioVersion = 12.0.30723.0
MinimumVisualStudioVersion = 10.0.40219.1
Project("{8BC9CEB8-8B4A-11D0-8D11-00A0C91BC942}") = "OOP", "OOP\OOP.vcxproj", "{4928DBA7-1BD3-4A40-A623-B03C12C33651}"
EndProject
Project("{8BC9CEB8-8B4A-11D0-8D11-00A0C91BC942}") = "lab3", "lab3\lab3.vcxproj", "{7D4D52E6-EF54-431D-8930-0A53E0514FF8}"
EndProject
Project("{8BC9CEB8-8B4A-11D0-8D11-00A0C91BC942}") = "lab4", "lab4\lab4.vcxproj", "{746AAC4A-87CC-4EC1-BCBD-1B39EBF6B560}"
EndProject
Project("{8BC9CEB8-8B4A-11D0-8D11-00A0C91BC942}") = "lab5", "lab5\lab5.vcxproj", "{15C0BE54-C85F-4A89-99FD-F8CFA282B9CF}"
EndProject
Project("{8BC9CEB8-8B4A-11D0-8D11-00A0C91BC942}") = "lab6", "lab6\lab6.vcxproj", "{B0078C21-76F4-4740-95AE-1CE9A8B6AE5F}"
EndProject
Project("{8BC9CEB8-8B4A-11D0-8D11-00A0C91BC942}") = "lab7", "lab7\lab7.vcxproj", "{F065CC48-E468-4F3D-91C0-C01DCDDFCF4C}"
EndProject
Project("{8BC9CEB8-8B4A-11D0-8D11-00A0C91BC942}") = "lab8", "lab8\lab8.vcxproj", "{1DF90777-2415-4D4B-8FB6-33822EF44359}"
EndProject
Project("{8BC9CEB8-8B4A-11D0-8D11-00A0C91BC942}") = "lab9", "lab9\lab9.vcxproj", "{12D9B541-524B-49A8-9794-10119639C4BD}"
EndProject
Project("{8BC9CEB8-8B4A-11D0-8D11-00A0C91BC942}") = "lab10.1", "lab10.1\lab10.1.vcxproj", "{74703693-79BB-437F-BB25-EE3C734AE07B}"
EndProject
Project("{8BC9CEB8-8B4A-11D0-8D11-00A0C91BC942}") = "lab10.2", "lab10.2\lab10.2.vcxproj", "{DA6990BB-5562-408A-8724-56B1515BB111}"
EndProject
Project("{8BC9CEB8-8B4A-11D0-8D11-00A0C91BC942}") = "lab10.3", "lab10.3\lab10.3.vcxproj", "{93E25BB6-31B2-4589-A3D3-8CF0B460D97F}"
EndProject
Global
	GlobalSection(SolutionConfigurationPlatforms) = preSolution
		Debug|Win32 = Debug|Win32
		Release|Win32 = Release|Win32
	EndGlobalSection
	GlobalSection(ProjectConfigurationPlatforms) = postSolution
		{4928DBA7-1BD3-4A40-A623-B03C12C33651}.Debug|Win32.ActiveCfg = Debug|Win32
		{4928DBA7-1BD3-4A40-A623-B03C12C33651}.Debug|Win32.Build.0 = Debug|Win32
		{4928DBA7-1BD3-4A40-A623-B03C12C33651}.Release|Win32.ActiveCfg = Release|Win32
		{4928DBA7-1BD3-4A40-A623-B03C12C33651}.Release|Win32.Build.0 = Release|Win32
		{7D4D52E6-EF54-431D-8930-0A53E0514FF8}.Debug|Win32.ActiveCfg = Debug|Win32
		{7D4D52E6-EF54-431D-8930-0A53E0514FF8}.Debug|Win32.Build.0 = Debug|Win32
		{7D4D52E6-EF54-431D-8930-0A53E0514FF8}.Release|Win32.ActiveCfg = Release|Win32
		{7D4D52E6-EF54-431D-8930-0A53E0514FF8}.Release|Win32.Build.0 = Release|Win32
		{746AAC4A-87CC-4EC1-BCBD-1B39EBF6B560}.Debug|Win32.ActiveCfg = Debug|Win32
		{746AAC4A-87CC-4EC1-BCBD-1B39EBF6B560}.Debug|Win32.Build.0 = Debug|Win32
		{746AAC4A-87CC-4EC1-BCBD-1B39EBF6B560}.Release|Win32.ActiveCfg = Release|Win32
		{746AAC4A-87CC-4EC1-BCBD-1B39EBF6B560}.Release|Win32.Build.0 = Release|Win32
		{15C0BE54-C85F-4A89-99FD-F8CFA282B9CF}.Debug|Win32.ActiveCfg = Debug|Win32
		{15C0BE54-C85F-4A89-99FD-F8CFA282B9CF}.Debug|Win32.Build.0 = Debug|Win32
		{15C0BE54-C85F-4A89-99FD-F8CFA282B9CF}.Release|Win32.ActiveCfg = Release|Win32
		{15C0BE54-C85F-4A89-99FD-F8CFA282B9CF}.Release|Win32.Build.0 = Release|Win32
		{B0078C21-76F4-4740-95AE-1CE9A8B6AE5F}.Debug|Win32.ActiveCfg = Debug|Win32
		{B0078C21-76F4-4740-95AE-1CE9A8B6AE5F}.Debug|Win32.Build.0 = Debug|Win32
		{B0078C21-76F4-4740-95AE-1CE9A8B6AE5F}.Release|Win32.ActiveCfg = Release|Win32
		{B0078C21-76F4-4740-95AE-1CE9A8B6AE5F}.Release|Win32.Build.0 = Release|Win32
		{F065CC48-E468-4F3D-91C0-C01DCDDFCF4C}.Debug|Win32.ActiveCfg = Debug|Win32
		{F065CC48-E468-4F3D-91C0-C01DCDDFCF4C}.Debug|Win32.Build.0 = Debug|Win32
		{F065CC48-E468-4F3D-91C0-C01DCDDFCF4C}.Release|Win32.ActiveCfg = Release|Win32
		{F065CC48-E468-4F3D-91C0-C01DCDDFCF4C}.Release|Win32.Build.0 = Release|Win32
		{1DF90777-2415-4D4B-8FB6-33822EF44359}.Debug|Win32.ActiveCfg = Debug|Win32
		{1DF90777-2415-4D4B-8FB6-33822EF44359}.Debug|Win32.Build.0 = Debug|Win32
		{1DF90777-2415-4D4B-8FB6-33822EF44359}.Release|Win32.ActiveCfg = Release|Win32
		{1DF90777-2415-4D4B-8FB6-33822EF44359}.Release|Win32.Build.0 = Release|Win32
		{12D9B541-524B-49A8-9794-10119639C4BD}.Debug|Win32.ActiveCfg = Debug|Win32
		{12D9B541-524B-49A8-9794-10119639C4BD}.Debug|Win32.Build.0 = Debug|Win32
		{12D9B541-524B-49A8-9794-10119639C4BD}.Release|Win32.ActiveCfg = Release|Win32
		{12D9B541-524B-49A8-9794-10119639C4BD}.Release|Win32.Build.0 = Release|Win32
		{74703693-79BB-437F-BB25-EE3C734AE07B}.Debug|Win32.ActiveCfg = Debug|Win32
		{74703693-79BB-437F-BB25-EE3C734AE07B}.Debug|Win32.Build.0 = Debug|Win32
		{74703693-79BB-437F-BB25-EE3C734AE07B}.Release|Win32.ActiveCfg = Release|Win32
		{74703693-79BB-437F-BB25-EE3C734AE07B}.Release|Win32.Build.0 = Release|Win32
		{DA6990BB-5562-408A-8724-56B1515BB111}.Debug|Win32.ActiveCfg = Debug|Win32
		{DA6990BB-5562-408A-8724-56B1515BB111}.Debug|Win32.Build.0 = Debug|Win32
		{DA6990BB-5562-408A-8724-56B1515BB111}.Release|Win32.ActiveCfg = Release|Win32
		{DA6990BB-5562-408A-8724-56B1515BB111}.Release|Win32.Build.0 = Release|Win32
		{93E25BB6-31B2-4589-A3D3-8CF0B460D97F}.Debug|Win32.ActiveCfg = Debug|Win32
		{93E25BB6-31B2-4589-A3D3-8CF0B460D97F}.Debug|Win32.Build.0 = Debug|Win32
		{93E25BB6-31B2-4589-A3D3-8CF0B460D97F}.Release|Win32.ActiveCfg = Release|Win32
		{93E25BB6-31B2-4589-A3D3-8CF0B460D97F}.Release|Win32.Build.0 = Release|Win32
	EndGlobalSection
	GlobalSection(SolutionProperties) = preSolution
		HideSolutionNode = FALSE
	EndGlobalSection
EndGlobal
